
Microsoft Visual Studio Solution File, Format Version 12.00
# Visual Studio 15
VisualStudioVersion = 15.0.28010.2048
MinimumVisualStudioVersion = 10.0.40219.1
Project("{FAE04EC0-301F-11D3-BF4B-00C04F79EFBC}") = "ConsoleApp2", "ConsoleApp2\ConsoleApp2.csproj", "{32CF7AEF-93C3-4544-B1C4-9B361C0F3E04}"
EndProject
Global
	GlobalSection(SolutionConfigurationPlatforms) = preSolution
		Debug|Any CPU = Debug|Any CPU
		Release|Any CPU = Release|Any CPU
	EndGlobalSection
	GlobalSection(ProjectConfigurationPlatforms) = postSolution
		{32CF7AEF-93C3-4544-B1C4-9B361C0F3E04}.Debug|Any CPU.ActiveCfg = Debug|Any CPU
		{32CF7AEF-93C3-4544-B1C4-9B361C0F3E04}.Debug|Any CPU.Build.0 = Debug|Any CPU
		{32CF7AEF-93C3-4544-B1C4-9B361C0F3E04}.Release|Any CPU.ActiveCfg = Release|Any CPU
		{32CF7AEF-93C3-4544-B1C4-9B361C0F3E04}.Release|Any CPU.Build.0 = Release|Any CPU
	EndGlobalSection
	GlobalSection(SolutionProperties) = preSolution
		HideSolutionNode = FALSE
	EndGlobalSection
	GlobalSection(ExtensibilityGlobals) = postSolution
		SolutionGuid = {E18B1E5D-F73C-4EE3-B51A-9D94D6BF5539}
	EndGlobalSection
EndGlobal
